
Microsoft Visual Studio Solution File, Format Version 12.00
# Visual Studio Version 17
VisualStudioVersion = 17.11.35312.102
MinimumVisualStudioVersion = 10.0.40219.1
Project("{FAE04EC0-301F-11D3-BF4B-00C04F79EFBC}") = "practice_1", "practice_1\practice_1.csproj", "{298F1972-EF90-4803-95E3-612552E11077}"
EndProject
Global
	GlobalSection(SolutionConfigurationPlatforms) = preSolution
		Debug|Any CPU = Debug|Any CPU
		Release|Any CPU = Release|Any CPU
	EndGlobalSection
	GlobalSection(ProjectConfigurationPlatforms) = postSolution
		{298F1972-EF90-4803-95E3-612552E11077}.Debug|Any CPU.ActiveCfg = Debug|Any CPU
		{298F1972-EF90-4803-95E3-612552E11077}.Debug|Any CPU.Build.0 = Debug|Any CPU
		{298F1972-EF90-4803-95E3-612552E11077}.Release|Any CPU.ActiveCfg = Release|Any CPU
		{298F1972-EF90-4803-95E3-612552E11077}.Release|Any CPU.Build.0 = Release|Any CPU
	EndGlobalSection
	GlobalSection(SolutionProperties) = preSolution
		HideSolutionNode = FALSE
	EndGlobalSection
	GlobalSection(ExtensibilityGlobals) = postSolution
		SolutionGuid = {FC0683A0-E55B-4D9A-B63C-A8CFB22B8C79}
	EndGlobalSection
EndGlobal
